{
  "name": "myapp",
  "version": "0.0.0",
  "lockfileVersion": 1,
  "requires": true,
  "dependencies": {
    "bignumber.js": {
      "version": "7.2.1",
      "resolved": "https://registry.npmjs.org/bignumber.js/-/bignumber.js-7.2.1.tgz",
      "integrity": "sha512-S4XzBk5sMB+Rcb/LNcpzXr57VRTxgAvaAEDAl1AwRx27j00hT84O6OkteE7u8UB3NuaaygCRrEpqox4uDOrbdQ==",
      "dev": true
    },
    "cookie-parser": {
      "version": "1.4.4",
      "resolved": "https://registry.npm.taobao.org/cookie-parser/download/cookie-parser-1.4.4.tgz",
      "dependencies": {
        "cookie": {
          "version": "https://registry.npm.taobao.org/cookie/download/cookie-0.3.1.tgz",
          "bundled": true
        },
        "cookie-signature": {
          "version": "https://registry.npm.taobao.org/cookie-signature/download/cookie-signature-1.0.6.tgz",
          "bundled": true
        }
      }
    },
    "core-util-is": {
      "version": "1.0.2",
      "resolved": "https://registry.npmjs.org/core-util-is/-/core-util-is-1.0.2.tgz",
      "integrity": "sha1-tf1UIgqivFq1eqtxQMlAdUUDwac=",
      "dev": true
    },
    "debug": {
      "version": "2.6.9",
      "resolved": "https://registry.npm.taobao.org/debug/download/debug-2.6.9.tgz",
      "dependencies": {
        "ms": {
          "version": "https://registry.npm.taobao.org/ms/download/ms-2.0.0.tgz",
          "bundled": true
        }
      }
    },
    "express": {
      "version": "4.16.4",
      "resolved": "https://registry.npm.taobao.org/express/download/express-4.16.4.tgz",
      "requires": {
        "debug": "2.6.9",
        "safe-buffer": "5.1.2"
      },
      "dependencies": {
        "accepts": {
          "version": "https://registry.npm.taobao.org/accepts/download/accepts-1.3.7.tgz",
          "bundled": true,
          "dependencies": {
            "mime-types": {
              "version": "https://registry.npm.taobao.org/mime-types/download/mime-types-2.1.24.tgz",
              "bundled": true
            },
            "negotiator": {
              "version": "https://registry.npm.taobao.org/negotiator/download/negotiator-0.6.2.tgz",
              "bundled": true
            }
          }
        },
        "array-flatten": {
          "version": "https://registry.npm.taobao.org/array-flatten/download/array-flatten-1.1.1.tgz",
          "bundled": true
        },
        "body-parser": {
          "version": "https://registry.npm.taobao.org/body-parser/download/body-parser-1.18.3.tgz",
          "bundled": true
        },
        "content-disposition": {
          "version": "https://registry.npm.taobao.org/content-disposition/download/content-disposition-0.5.2.tgz",
          "bundled": true
        },
        "content-type": {
          "version": "https://registry.npm.taobao.org/content-type/download/content-type-1.0.4.tgz",
          "bundled": true
        },
        "cookie": {
          "version": "https://registry.npm.taobao.org/cookie/download/cookie-0.3.1.tgz",
          "bundled": true
        },
        "cookie-signature": {
          "version": "https://registry.npm.taobao.org/cookie-signature/download/cookie-signature-1.0.6.tgz",
          "bundled": true
        },
        "debug": {
          "version": "https://registry.npm.taobao.org/debug/download/debug-2.6.9.tgz",
          "bundled": true,
          "dependencies": {
            "ms": {
              "version": "https://registry.npm.taobao.org/ms/download/ms-2.0.0.tgz",
              "bundled": true
            }
          }
        },
        "depd": {
          "version": "https://registry.npm.taobao.org/depd/download/depd-1.1.2.tgz",
          "bundled": true
        },
        "encodeurl": {
          "version": "https://registry.npm.taobao.org/encodeurl/download/encodeurl-1.0.2.tgz",
          "bundled": true
        },
        "escape-html": {
          "version": "https://registry.npm.taobao.org/escape-html/download/escape-html-1.0.3.tgz",
          "bundled": true
        },
        "etag": {
          "version": "https://registry.npm.taobao.org/etag/download/etag-1.8.1.tgz",
          "bundled": true
        },
        "finalhandler": {
          "version": "https://registry.npm.taobao.org/finalhandler/download/finalhandler-1.1.1.tgz",
          "bundled": true
        },
        "fresh": {
          "version": "https://registry.npm.taobao.org/fresh/download/fresh-0.5.2.tgz",
          "bundled": true
        },
        "merge-descriptors": {
          "version": "https://registry.npm.taobao.org/merge-descriptors/download/merge-descriptors-1.0.1.tgz",
          "bundled": true
        },
        "methods": {
          "version": "https://registry.npm.taobao.org/methods/download/methods-1.1.2.tgz",
          "bundled": true
        },
        "on-finished": {
          "version": "https://registry.npm.taobao.org/on-finished/download/on-finished-2.3.0.tgz",
          "bundled": true,
          "dependencies": {
            "ee-first": {
              "version": "https://registry.npm.taobao.org/ee-first/download/ee-first-1.1.1.tgz",
              "bundled": true
            }
          }
        },
        "parseurl": {
          "version": "https://registry.npm.taobao.org/parseurl/download/parseurl-1.3.3.tgz",
          "bundled": true
        },
        "path-to-regexp": {
          "version": "https://registry.npm.taobao.org/path-to-regexp/download/path-to-regexp-0.1.7.tgz",
          "bundled": true
        },
        "proxy-addr": {
          "version": "https://registry.npm.taobao.org/proxy-addr/download/proxy-addr-2.0.5.tgz",
          "bundled": true
        },
        "qs": {
          "version": "https://registry.npm.taobao.org/qs/download/qs-6.5.2.tgz?cache=0&other_urls=https%3A%2F%2Fregistry.npm.taobao.org%2Fqs%2Fdownload%2Fqs-6.5.2.tgz",
          "bundled": true
        },
        "range-parser": {
          "version": "https://registry.npm.taobao.org/range-parser/download/range-parser-1.2.1.tgz",
          "bundled": true
        },
        "safe-buffer": {
          "version": "https://registry.npm.taobao.org/safe-buffer/download/safe-buffer-5.1.2.tgz",
          "bundled": true
        },
        "send": {
          "version": "https://registry.npm.taobao.org/send/download/send-0.16.2.tgz",
          "bundled": true
        },
        "serve-static": {
          "version": "https://registry.npm.taobao.org/serve-static/download/serve-static-1.13.2.tgz",
          "bundled": true
        },
        "setprototypeof": {
          "version": "https://registry.npm.taobao.org/setprototypeof/download/setprototypeof-1.1.0.tgz",
          "bundled": true
        },
        "statuses": {
          "version": "https://registry.npm.taobao.org/statuses/download/statuses-1.4.0.tgz",
          "bundled": true
        },
        "type-is": {
          "version": "https://registry.npm.taobao.org/type-is/download/type-is-1.6.18.tgz",
          "bundled": true,
          "dependencies": {
            "media-typer": {
              "version": "https://registry.npm.taobao.org/media-typer/download/media-typer-0.3.0.tgz",
              "bundled": true
            },
            "mime-types": {
              "version": "https://registry.npm.taobao.org/mime-types/download/mime-types-2.1.24.tgz",
              "bundled": true,
              "dependencies": {
                "mime-db": {
                  "version": "https://registry.npm.taobao.org/mime-db/download/mime-db-1.40.0.tgz",
                  "bundled": true
                }
              }
            }
          }
        },
        "utils-merge": {
          "version": "https://registry.npm.taobao.org/utils-merge/download/utils-merge-1.0.1.tgz",
          "bundled": true
        },
        "vary": {
          "version": "https://registry.npm.taobao.org/vary/download/vary-1.1.2.tgz",
          "bundled": true
        }
      }
    },
    "http-errors": {
      "version": "1.6.3",
      "resolved": "https://registry.npm.taobao.org/http-errors/download/http-errors-1.6.3.tgz",
      "requires": {
        "inherits": "2.0.3"
      },
      "dependencies": {
        "depd": {
          "version": "https://registry.npm.taobao.org/depd/download/depd-1.1.2.tgz",
          "bundled": true
        },
        "inherits": {
          "version": "https://registry.npm.taobao.org/inherits/download/inherits-2.0.3.tgz",
          "bundled": true
        },
        "setprototypeof": {
          "version": "https://registry.npm.taobao.org/setprototypeof/download/setprototypeof-1.1.0.tgz",
          "bundled": true
        },
        "statuses": {
          "version": "https://registry.npm.taobao.org/statuses/download/statuses-1.5.0.tgz",
          "bundled": true
        }
      }
    },
    "inherits": {
      "version": "2.0.3",
      "resolved": "https://registry.npm.taobao.org/inherits/download/inherits-2.0.3.tgz"
    },
    "isarray": {
      "version": "1.0.0",
      "resolved": "https://registry.npmjs.org/isarray/-/isarray-1.0.0.tgz",
      "integrity": "sha1-u5NdSFgsuhaMBoNJV6VKPgcSTxE=",
      "dev": true
    },
    "morgan": {
      "version": "1.9.1",
      "resolved": "https://registry.npm.taobao.org/morgan/download/morgan-1.9.1.tgz",
      "requires": {
        "debug": "2.6.9"
      },
      "dependencies": {
        "basic-auth": {
          "version": "https://registry.npm.taobao.org/basic-auth/download/basic-auth-2.0.1.tgz",
          "bundled": true
        },
        "debug": {
          "version": "https://registry.npm.taobao.org/debug/download/debug-2.6.9.tgz",
          "bundled": true,
          "dependencies": {
            "ms": {
              "version": "https://registry.npm.taobao.org/ms/download/ms-2.0.0.tgz",
              "bundled": true
            }
          }
        },
        "depd": {
          "version": "https://registry.npm.taobao.org/depd/download/depd-1.1.2.tgz",
          "bundled": true
        },
        "on-finished": {
          "version": "https://registry.npm.taobao.org/on-finished/download/on-finished-2.3.0.tgz",
          "bundled": true,
          "dependencies": {
            "ee-first": {
              "version": "https://registry.npm.taobao.org/ee-first/download/ee-first-1.1.1.tgz",
              "bundled": true
            }
          }
        },
        "on-headers": {
          "version": "https://registry.npm.taobao.org/on-headers/download/on-headers-1.0.2.tgz",
          "bundled": true
        }
      }
    },
    "mysql": {
      "version": "2.17.1",
      "resolved": "https://registry.npmjs.org/mysql/-/mysql-2.17.1.tgz",
      "integrity": "sha512-7vMqHQ673SAk5C8fOzTG2LpPcf3bNt0oL3sFpxPEEFp1mdlDcrLK0On7z8ZYKaaHrHwNcQ/MTUz7/oobZ2OyyA==",
      "dev": true,
      "requires": {
        "bignumber.js": "7.2.1",
        "readable-stream": "2.3.6",
        "safe-buffer": "5.1.2",
        "sqlstring": "2.3.1"
      }
    },
    "process-nextick-args": {
      "version": "2.0.0",
      "resolved": "https://registry.npmjs.org/process-nextick-args/-/process-nextick-args-2.0.0.tgz",
      "integrity": "sha512-MtEC1TqN0EU5nephaJ4rAtThHtC86dNN9qCuEhtshvpVBkAW5ZO7BASN9REnF9eoXGcRub+pFuKEpOHE+HbEMw==",
      "dev": true
    },
    "pug": {
      "version": "2.0.0-beta11",
      "resolved": "https://registry.npm.taobao.org/pug/download/pug-2.0.0-beta11.tgz",
      "dependencies": {
        "pug-code-gen": {
          "version": "https://registry.npm.taobao.org/pug-code-gen/download/pug-code-gen-1.1.1.tgz",
          "bundled": true
        },
        "pug-filters": {
          "version": "https://registry.npm.taobao.org/pug-filters/download/pug-filters-2.1.5.tgz",
          "bundled": true
        },
        "pug-lexer": {
          "version": "https://registry.npm.taobao.org/pug-lexer/download/pug-lexer-3.1.0.tgz",
          "bundled": true
        },
        "pug-linker": {
          "version": "https://registry.npm.taobao.org/pug-linker/download/pug-linker-2.0.3.tgz",
          "bundled": true
        },
        "pug-load": {
          "version": "https://registry.npm.taobao.org/pug-load/download/pug-load-2.0.11.tgz",
          "bundled": true
        },
        "pug-parser": {
          "version": "https://registry.npm.taobao.org/pug-parser/download/pug-parser-2.0.2.tgz",
          "bundled": true
        },
        "pug-runtime": {
          "version": "https://registry.npm.taobao.org/pug-runtime/download/pug-runtime-2.0.4.tgz",
          "bundled": true
        },
        "pug-strip-comments": {
          "version": "https://registry.npm.taobao.org/pug-strip-comments/download/pug-strip-comments-1.0.3.tgz",
          "bundled": true
        }
      }
    },
    "readable-stream": {
      "version": "2.3.6",
      "resolved": "https://registry.npmjs.org/readable-stream/-/readable-stream-2.3.6.tgz",
      "integrity": "sha512-tQtKA9WIAhBF3+VLAseyMqZeBjW0AHJoxOtYqSUZNJxauErmLbVm2FW1y+J/YA9dUrAC39ITejlZWhVIwawkKw==",
      "dev": true,
      "requires": {
        "core-util-is": "~1.0.0",
        "inherits": "~2.0.3",
        "isarray": "~1.0.0",
        "process-nextick-args": "~2.0.0",
        "safe-buffer": "~5.1.1",
        "string_decoder": "~1.1.1",
        "util-deprecate": "~1.0.1"
      }
    },
    "safe-buffer": {
      "version": "5.1.2",
      "resolved": "https://registry.npm.taobao.org/safe-buffer/download/safe-buffer-5.1.2.tgz"
    },
    "sqlstring": {
      "version": "2.3.1",
      "resolved": "https://registry.npmjs.org/sqlstring/-/sqlstring-2.3.1.tgz",
      "integrity": "sha1-R1OT/56RR5rqYtyvDKPRSYOn+0A=",
      "dev": true
    },
    "string_decoder": {
      "version": "1.1.1",
      "resolved": "https://registry.npmjs.org/string_decoder/-/string_decoder-1.1.1.tgz",
      "integrity": "sha512-n/ShnvDi6FHbbVfviro+WojiFzv+s8MPMHBczVePfUpDJLwoLT0ht1l4YwBCbi8pJAveEEdnkHyPyTP/mzRfwg==",
      "dev": true,
      "requires": {
        "safe-buffer": "~5.1.0"
      }
    },
    "util-deprecate": {
      "version": "1.0.2",
      "resolved": "https://registry.npmjs.org/util-deprecate/-/util-deprecate-1.0.2.tgz",
      "integrity": "sha1-RQ1Nyfpw3nMnYvvS1KKJgUGaDM8=",
      "dev": true
    }
  }
}
